
Microsoft Visual Studio Solution File, Format Version 12.00
# Visual Studio 15
Project("{FAE04EC0-301F-11D3-BF4B-00C04F79EFBC}") = "Assembly-CSharp", "Assembly-CSharp.csproj", "{C278E30D-933B-600E-35EB-EF4F9CC3526B}"
EndProject
Project("{FAE04EC0-301F-11D3-BF4B-00C04F79EFBC}") = "Assembly-CSharp-firstpass", "Assembly-CSharp-firstpass.csproj", "{D4F21908-3020-95DA-9699-F0687FA1C9D5}"
EndProject
Global
	GlobalSection(SolutionConfigurationPlatforms) = preSolution
		Debug|Any CPU = Debug|Any CPU
		Release|Any CPU = Release|Any CPU
	EndGlobalSection
	GlobalSection(ProjectConfigurationPlatforms) = postSolution
		{C278E30D-933B-600E-35EB-EF4F9CC3526B}.Debug|Any CPU.ActiveCfg = Debug|Any CPU
		{C278E30D-933B-600E-35EB-EF4F9CC3526B}.Debug|Any CPU.Build.0 = Debug|Any CPU
		{C278E30D-933B-600E-35EB-EF4F9CC3526B}.Release|Any CPU.ActiveCfg = Release|Any CPU
		{C278E30D-933B-600E-35EB-EF4F9CC3526B}.Release|Any CPU.Build.0 = Release|Any CPU
		{D4F21908-3020-95DA-9699-F0687FA1C9D5}.Debug|Any CPU.ActiveCfg = Debug|Any CPU
		{D4F21908-3020-95DA-9699-F0687FA1C9D5}.Debug|Any CPU.Build.0 = Debug|Any CPU
		{D4F21908-3020-95DA-9699-F0687FA1C9D5}.Release|Any CPU.ActiveCfg = Release|Any CPU
		{D4F21908-3020-95DA-9699-F0687FA1C9D5}.Release|Any CPU.Build.0 = Release|Any CPU
	EndGlobalSection
	GlobalSection(SolutionProperties) = preSolution
		HideSolutionNode = FALSE
	EndGlobalSection
EndGlobal
